// !$*UTF8*$!
{
	archiveVersion = 1;
	classes = {
	};
	objectVersion = 50;
	objects = {

/* Begin PBXBuildFile section */
		3CA71A6135822B1EDA3856DF /* Pods_GeoBudgeting_GeoBudgetingUITests.framework in Frameworks */ = {isa = PBXBuildFile; fileRef = 1F9C9459C83E40CBB915FBE8 /* Pods_GeoBudgeting_GeoBudgetingUITests.framework */; };
		4B4375CDE380B9D7B25BBC81 /* Pods_GeoBudgeting.framework in Frameworks */ = {isa = PBXBuildFile; fileRef = 201864C5B555A2429FC76BD4 /* Pods_GeoBudgeting.framework */; };
		8AD058B7E0622102234FFEE7 /* Pods_GeoBudgetingTests.framework in Frameworks */ = {isa = PBXBuildFile; fileRef = 9CF8EBFA64E248E8886E6083 /* Pods_GeoBudgetingTests.framework */; };
		C8A13CB72280299500FD6A00 /* api.plist in Resources */ = {isa = PBXBuildFile; fileRef = C8A13CB62280299400FD6A00 /* api.plist */; };
		C8A13CB922802AFE00FD6A00 /* AddItem.storyboard in Resources */ = {isa = PBXBuildFile; fileRef = C8A13CB822802AFE00FD6A00 /* AddItem.storyboard */; };
		C8A13CBC2280375400FD6A00 /* AddItemViewController.swift in Sources */ = {isa = PBXBuildFile; fileRef = C8A13CBB2280375400FD6A00 /* AddItemViewController.swift */; };
		C8A13CBE22803A0200FD6A00 /* GoogleService-Info.plist in Resources */ = {isa = PBXBuildFile; fileRef = C8A13CBD22803A0200FD6A00 /* GoogleService-Info.plist */; };
		C8A13CC022805D2800FD6A00 /* Functions.swift in Sources */ = {isa = PBXBuildFile; fileRef = C8A13CBF22805D2800FD6A00 /* Functions.swift */; };
		C8A13CC22280623800FD6A00 /* FirebaseServices.swift in Sources */ = {isa = PBXBuildFile; fileRef = C8A13CC12280623800FD6A00 /* FirebaseServices.swift */; };
		F6AD304B227C30370050B861 /* AppDelegate.swift in Sources */ = {isa = PBXBuildFile; fileRef = F6AD304A227C30370050B861 /* AppDelegate.swift */; };
		F6AD304D227C30370050B861 /* MapViewController.swift in Sources */ = {isa = PBXBuildFile; fileRef = F6AD304C227C30370050B861 /* MapViewController.swift */; };
		F6AD3050227C30370050B861 /* Main.storyboard in Resources */ = {isa = PBXBuildFile; fileRef = F6AD304E227C30370050B861 /* Main.storyboard */; };
		F6AD3052227C30390050B861 /* Assets.xcassets in Resources */ = {isa = PBXBuildFile; fileRef = F6AD3051227C30390050B861 /* Assets.xcassets */; };
		F6AD3055227C30390050B861 /* LaunchScreen.storyboard in Resources */ = {isa = PBXBuildFile; fileRef = F6AD3053227C30390050B861 /* LaunchScreen.storyboard */; };
		F6AD3060227C30390050B861 /* GeoBudgetingTests.swift in Sources */ = {isa = PBXBuildFile; fileRef = F6AD305F227C30390050B861 /* GeoBudgetingTests.swift */; };
		F6AD306B227C30390050B861 /* GeoBudgetingUITests.swift in Sources */ = {isa = PBXBuildFile; fileRef = F6AD306A227C30390050B861 /* GeoBudgetingUITests.swift */; };
		F6AD3082227C3AA40050B861 /* SearchView.swift in Sources */ = {isa = PBXBuildFile; fileRef = F6AD3081227C3AA40050B861 /* SearchView.swift */; };
/* End PBXBuildFile section */

/* Begin PBXContainerItemProxy section */
		F6AD305C227C30390050B861 /* PBXContainerItemProxy */ = {
			isa = PBXContainerItemProxy;
			containerPortal = F6AD303F227C30370050B861 /* Project object */;
			proxyType = 1;
			remoteGlobalIDString = F6AD3046227C30370050B861;
			remoteInfo = GeoBudgeting;
		};
		F6AD3067227C30390050B861 /* PBXContainerItemProxy */ = {
			isa = PBXContainerItemProxy;
			containerPortal = F6AD303F227C30370050B861 /* Project object */;
			proxyType = 1;
			remoteGlobalIDString = F6AD3046227C30370050B861;
			remoteInfo = GeoBudgeting;
		};
/* End PBXContainerItemProxy section */

/* Begin PBXFileReference section */
		1F9C9459C83E40CBB915FBE8 /* Pods_GeoBudgeting_GeoBudgetingUITests.framework */ = {isa = PBXFileReference; explicitFileType = wrapper.framework; includeInIndex = 0; path = Pods_GeoBudgeting_GeoBudgetingUITests.framework; sourceTree = BUILT_PRODUCTS_DIR; };
		201864C5B555A2429FC76BD4 /* Pods_GeoBudgeting.framework */ = {isa = PBXFileReference; explicitFileType = wrapper.framework; includeInIndex = 0; path = Pods_GeoBudgeting.framework; sourceTree = BUILT_PRODUCTS_DIR; };
		45C23C6A3ACCF52F13522245 /* Pods-GeoBudgeting-GeoBudgetingUITests.release.xcconfig */ = {isa = PBXFileReference; includeInIndex = 1; lastKnownFileType = text.xcconfig; name = "Pods-GeoBudgeting-GeoBudgetingUITests.release.xcconfig"; path = "Target Support Files/Pods-GeoBudgeting-GeoBudgetingUITests/Pods-GeoBudgeting-GeoBudgetingUITests.release.xcconfig"; sourceTree = "<group>"; };
		47AC8818BEA5B04777F88C27 /* Pods-GeoBudgetingTests.debug.xcconfig */ = {isa = PBXFileReference; includeInIndex = 1; lastKnownFileType = text.xcconfig; name = "Pods-GeoBudgetingTests.debug.xcconfig"; path = "Target Support Files/Pods-GeoBudgetingTests/Pods-GeoBudgetingTests.debug.xcconfig"; sourceTree = "<group>"; };
		4A31E0EF833F563D39623F18 /* Pods-GeoBudgeting-GeoBudgetingUITests.debug.xcconfig */ = {isa = PBXFileReference; includeInIndex = 1; lastKnownFileType = text.xcconfig; name = "Pods-GeoBudgeting-GeoBudgetingUITests.debug.xcconfig"; path = "Target Support Files/Pods-GeoBudgeting-GeoBudgetingUITests/Pods-GeoBudgeting-GeoBudgetingUITests.debug.xcconfig"; sourceTree = "<group>"; };
		8E737A5DBF40CA80694B6726 /* Pods-GeoBudgeting.debug.xcconfig */ = {isa = PBXFileReference; includeInIndex = 1; lastKnownFileType = text.xcconfig; name = "Pods-GeoBudgeting.debug.xcconfig"; path = "Target Support Files/Pods-GeoBudgeting/Pods-GeoBudgeting.debug.xcconfig"; sourceTree = "<group>"; };
		9CF8EBFA64E248E8886E6083 /* Pods_GeoBudgetingTests.framework */ = {isa = PBXFileReference; explicitFileType = wrapper.framework; includeInIndex = 0; path = Pods_GeoBudgetingTests.framework; sourceTree = BUILT_PRODUCTS_DIR; };
		A8DEF46838554EF7A59AADD5 /* Pods-GeoBudgeting.release.xcconfig */ = {isa = PBXFileReference; includeInIndex = 1; lastKnownFileType = text.xcconfig; name = "Pods-GeoBudgeting.release.xcconfig"; path = "Target Support Files/Pods-GeoBudgeting/Pods-GeoBudgeting.release.xcconfig"; sourceTree = "<group>"; };
		C8A13CB62280299400FD6A00 /* api.plist */ = {isa = PBXFileReference; fileEncoding = 4; lastKnownFileType = text.plist.xml; name = api.plist; path = ../../../../../../Downloads/api.plist; sourceTree = "<group>"; };
		C8A13CB822802AFE00FD6A00 /* AddItem.storyboard */ = {isa = PBXFileReference; lastKnownFileType = file.storyboard; path = AddItem.storyboard; sourceTree = "<group>"; };
		C8A13CBB2280375400FD6A00 /* AddItemViewController.swift */ = {isa = PBXFileReference; lastKnownFileType = sourcecode.swift; path = AddItemViewController.swift; sourceTree = "<group>"; };
		C8A13CBD22803A0200FD6A00 /* GoogleService-Info.plist */ = {isa = PBXFileReference; fileEncoding = 4; lastKnownFileType = text.plist.xml; name = "GoogleService-Info.plist"; path = "../../../../Downloads/GoogleService-Info.plist"; sourceTree = "<group>"; };
		C8A13CBF22805D2800FD6A00 /* Functions.swift */ = {isa = PBXFileReference; lastKnownFileType = sourcecode.swift; path = Functions.swift; sourceTree = "<group>"; };
		C8A13CC12280623800FD6A00 /* FirebaseServices.swift */ = {isa = PBXFileReference; lastKnownFileType = sourcecode.swift; path = FirebaseServices.swift; sourceTree = "<group>"; };
		D5262CD030D97C9A56D8D2D4 /* Pods-GeoBudgetingTests.release.xcconfig */ = {isa = PBXFileReference; includeInIndex = 1; lastKnownFileType = text.xcconfig; name = "Pods-GeoBudgetingTests.release.xcconfig"; path = "Target Support Files/Pods-GeoBudgetingTests/Pods-GeoBudgetingTests.release.xcconfig"; sourceTree = "<group>"; };
		F6AD3047227C30370050B861 /* GeoBudgeting.app */ = {isa = PBXFileReference; explicitFileType = wrapper.application; includeInIndex = 0; path = GeoBudgeting.app; sourceTree = BUILT_PRODUCTS_DIR; };
		F6AD304A227C30370050B861 /* AppDelegate.swift */ = {isa = PBXFileReference; lastKnownFileType = sourcecode.swift; path = AppDelegate.swift; sourceTree = "<group>"; };
		F6AD304C227C30370050B861 /* MapViewController.swift */ = {isa = PBXFileReference; lastKnownFileType = sourcecode.swift; path = MapViewController.swift; sourceTree = "<group>"; };
		F6AD304F227C30370050B861 /* Base */ = {isa = PBXFileReference; lastKnownFileType = file.storyboard; name = Base; path = Base.lproj/Main.storyboard; sourceTree = "<group>"; };
		F6AD3051227C30390050B861 /* Assets.xcassets */ = {isa = PBXFileReference; lastKnownFileType = folder.assetcatalog; path = Assets.xcassets; sourceTree = "<group>"; };
		F6AD3054227C30390050B861 /* Base */ = {isa = PBXFileReference; lastKnownFileType = file.storyboard; name = Base; path = Base.lproj/LaunchScreen.storyboard; sourceTree = "<group>"; };
		F6AD3056227C30390050B861 /* Info.plist */ = {isa = PBXFileReference; lastKnownFileType = text.plist.xml; path = Info.plist; sourceTree = "<group>"; };
		F6AD305B227C30390050B861 /* GeoBudgetingTests.xctest */ = {isa = PBXFileReference; explicitFileType = wrapper.cfbundle; includeInIndex = 0; path = GeoBudgetingTests.xctest; sourceTree = BUILT_PRODUCTS_DIR; };
		F6AD305F227C30390050B861 /* GeoBudgetingTests.swift */ = {isa = PBXFileReference; lastKnownFileType = sourcecode.swift; path = GeoBudgetingTests.swift; sourceTree = "<group>"; };
		F6AD3061227C30390050B861 /* Info.plist */ = {isa = PBXFileReference; lastKnownFileType = text.plist.xml; path = Info.plist; sourceTree = "<group>"; };
		F6AD3066227C30390050B861 /* GeoBudgetingUITests.xctest */ = {isa = PBXFileReference; explicitFileType = wrapper.cfbundle; includeInIndex = 0; path = GeoBudgetingUITests.xctest; sourceTree = BUILT_PRODUCTS_DIR; };
		F6AD306A227C30390050B861 /* GeoBudgetingUITests.swift */ = {isa = PBXFileReference; lastKnownFileType = sourcecode.swift; path = GeoBudgetingUITests.swift; sourceTree = "<group>"; };
		F6AD306C227C30390050B861 /* Info.plist */ = {isa = PBXFileReference; lastKnownFileType = text.plist.xml; path = Info.plist; sourceTree = "<group>"; };
		F6AD3081227C3AA40050B861 /* SearchView.swift */ = {isa = PBXFileReference; lastKnownFileType = sourcecode.swift; path = SearchView.swift; sourceTree = "<group>"; };
/* End PBXFileReference section */

/* Begin PBXFrameworksBuildPhase section */
		F6AD3044227C30370050B861 /* Frameworks */ = {
			isa = PBXFrameworksBuildPhase;
			buildActionMask = 2147483647;
			files = (
				4B4375CDE380B9D7B25BBC81 /* Pods_GeoBudgeting.framework in Frameworks */,
			);
			runOnlyForDeploymentPostprocessing = 0;
		};
		F6AD3058227C30390050B861 /* Frameworks */ = {
			isa = PBXFrameworksBuildPhase;
			buildActionMask = 2147483647;
			files = (
				8AD058B7E0622102234FFEE7 /* Pods_GeoBudgetingTests.framework in Frameworks */,
			);
			runOnlyForDeploymentPostprocessing = 0;
		};
		F6AD3063227C30390050B861 /* Frameworks */ = {
			isa = PBXFrameworksBuildPhase;
			buildActionMask = 2147483647;
			files = (
				3CA71A6135822B1EDA3856DF /* Pods_GeoBudgeting_GeoBudgetingUITests.framework in Frameworks */,
			);
			runOnlyForDeploymentPostprocessing = 0;
		};
/* End PBXFrameworksBuildPhase section */

/* Begin PBXGroup section */
		5ADDA4A7792C660E9EA4698C /* Frameworks */ = {
			isa = PBXGroup;
			children = (
				201864C5B555A2429FC76BD4 /* Pods_GeoBudgeting.framework */,
				1F9C9459C83E40CBB915FBE8 /* Pods_GeoBudgeting_GeoBudgetingUITests.framework */,
				9CF8EBFA64E248E8886E6083 /* Pods_GeoBudgetingTests.framework */,
			);
			name = Frameworks;
			sourceTree = "<group>";
		};
		C8A13CBA2280373800FD6A00 /* Add Item */ = {
			isa = PBXGroup;
			children = (
				C8A13CBB2280375400FD6A00 /* AddItemViewController.swift */,
			);
			path = "Add Item";
			sourceTree = "<group>";
		};
		F2FF08A3DDF1ABF65960677A /* Pods */ = {
			isa = PBXGroup;
			children = (
				8E737A5DBF40CA80694B6726 /* Pods-GeoBudgeting.debug.xcconfig */,
				A8DEF46838554EF7A59AADD5 /* Pods-GeoBudgeting.release.xcconfig */,
				4A31E0EF833F563D39623F18 /* Pods-GeoBudgeting-GeoBudgetingUITests.debug.xcconfig */,
				45C23C6A3ACCF52F13522245 /* Pods-GeoBudgeting-GeoBudgetingUITests.release.xcconfig */,
				47AC8818BEA5B04777F88C27 /* Pods-GeoBudgetingTests.debug.xcconfig */,
				D5262CD030D97C9A56D8D2D4 /* Pods-GeoBudgetingTests.release.xcconfig */,
			);
			path = Pods;
			sourceTree = "<group>";
		};
		F6AD303E227C30370050B861 = {
			isa = PBXGroup;
			children = (
				F6AD3049227C30370050B861 /* GeoBudgeting */,
				F6AD305E227C30390050B861 /* GeoBudgetingTests */,
				F6AD3069227C30390050B861 /* GeoBudgetingUITests */,
				F6AD3048227C30370050B861 /* Products */,
				F2FF08A3DDF1ABF65960677A /* Pods */,
				5ADDA4A7792C660E9EA4698C /* Frameworks */,
			);
			sourceTree = "<group>";
		};
		F6AD3048227C30370050B861 /* Products */ = {
			isa = PBXGroup;
			children = (
				F6AD3047227C30370050B861 /* GeoBudgeting.app */,
				F6AD305B227C30390050B861 /* GeoBudgetingTests.xctest */,
				F6AD3066227C30390050B861 /* GeoBudgetingUITests.xctest */,
			);
			name = Products;
			sourceTree = "<group>";
		};
		F6AD3049227C30370050B861 /* GeoBudgeting */ = {
			isa = PBXGroup;
			children = (
				C8A13CBD22803A0200FD6A00 /* GoogleService-Info.plist */,
				C8A13CBA2280373800FD6A00 /* Add Item */,
				F6AD307E227C3A5D0050B861 /* Map */,
				F6AD3078227C32410050B861 /* General */,
				F6AD304E227C30370050B861 /* Main.storyboard */,
				F6AD3053227C30390050B861 /* LaunchScreen.storyboard */,
				C8A13CB822802AFE00FD6A00 /* AddItem.storyboard */,
				C8A13CC12280623800FD6A00 /* FirebaseServices.swift */,
			);
			path = GeoBudgeting;
			sourceTree = "<group>";
		};
		F6AD305E227C30390050B861 /* GeoBudgetingTests */ = {
			isa = PBXGroup;
			children = (
				F6AD305F227C30390050B861 /* GeoBudgetingTests.swift */,
				F6AD3061227C30390050B861 /* Info.plist */,
			);
			path = GeoBudgetingTests;
			sourceTree = "<group>";
		};
		F6AD3069227C30390050B861 /* GeoBudgetingUITests */ = {
			isa = PBXGroup;
			children = (
				F6AD306A227C30390050B861 /* GeoBudgetingUITests.swift */,
				F6AD306C227C30390050B861 /* Info.plist */,
			);
			path = GeoBudgetingUITests;
			sourceTree = "<group>";
		};
		F6AD3078227C32410050B861 /* General */ = {
			isa = PBXGroup;
			children = (
				F6AD307A227C32510050B861 /* Resources */,
				F6AD3079227C32470050B861 /* Delegates */,
				C8A13CBF22805D2800FD6A00 /* Functions.swift */,
			);
			path = General;
			sourceTree = "<group>";
		};
		F6AD3079227C32470050B861 /* Delegates */ = {
			isa = PBXGroup;
			children = (
				F6AD304A227C30370050B861 /* AppDelegate.swift */,
			);
			path = Delegates;
			sourceTree = "<group>";
		};
		F6AD307A227C32510050B861 /* Resources */ = {
			isa = PBXGroup;
			children = (
				F6AD3051227C30390050B861 /* Assets.xcassets */,
				F6AD3056227C30390050B861 /* Info.plist */,
				C8A13CB62280299400FD6A00 /* api.plist */,
			);
			path = Resources;
			sourceTree = "<group>";
		};
		F6AD307E227C3A5D0050B861 /* Map */ = {
			isa = PBXGroup;
			children = (
				F6AD3080227C3A910050B861 /* View */,
				F6AD307F227C3A620050B861 /* Controller */,
			);
			path = Map;
			sourceTree = "<group>";
		};
		F6AD307F227C3A620050B861 /* Controller */ = {
			isa = PBXGroup;
			children = (
				F6AD304C227C30370050B861 /* MapViewController.swift */,
			);
			path = Controller;
			sourceTree = "<group>";
		};
		F6AD3080227C3A910050B861 /* View */ = {
			isa = PBXGroup;
			children = (
				F6AD3081227C3AA40050B861 /* SearchView.swift */,
			);
			path = View;
			sourceTree = "<group>";
		};
/* End PBXGroup section */

/* Begin PBXNativeTarget section */
		F6AD3046227C30370050B861 /* GeoBudgeting */ = {
			isa = PBXNativeTarget;
			buildConfigurationList = F6AD306F227C30390050B861 /* Build configuration list for PBXNativeTarget "GeoBudgeting" */;
			buildPhases = (
				4C3665D75628986B20A81F49 /* [CP] Check Pods Manifest.lock */,
				F6AD3043227C30370050B861 /* Sources */,
				F6AD3044227C30370050B861 /* Frameworks */,
				F6AD3045227C30370050B861 /* Resources */,
				855BA8B0FB563F75B6E45C89 /* [CP] Embed Pods Frameworks */,
				5A35E18B8C32326738C605B6 /* [CP] Copy Pods Resources */,
			);
			buildRules = (
			);
			dependencies = (
			);
			name = GeoBudgeting;
			productName = GeoBudgeting;
			productReference = F6AD3047227C30370050B861 /* GeoBudgeting.app */;
			productType = "com.apple.product-type.application";
		};
		F6AD305A227C30390050B861 /* GeoBudgetingTests */ = {
			isa = PBXNativeTarget;
			buildConfigurationList = F6AD3072227C30390050B861 /* Build configuration list for PBXNativeTarget "GeoBudgetingTests" */;
			buildPhases = (
				ED8B4BE70FBF303E9EEE5C8A /* [CP] Check Pods Manifest.lock */,
				F6AD3057227C30390050B861 /* Sources */,
				F6AD3058227C30390050B861 /* Frameworks */,
				F6AD3059227C30390050B861 /* Resources */,
				570AB92B1C740FF96002A7CD /* [CP] Embed Pods Frameworks */,
			);
			buildRules = (
			);
			dependencies = (
				F6AD305D227C30390050B861 /* PBXTargetDependency */,
			);
			name = GeoBudgetingTests;
			productName = GeoBudgetingTests;
			productReference = F6AD305B227C30390050B861 /* GeoBudgetingTests.xctest */;
			productType = "com.apple.product-type.bundle.unit-test";
		};
		F6AD3065227C30390050B861 /* GeoBudgetingUITests */ = {
			isa = PBXNativeTarget;
			buildConfigurationList = F6AD3075227C30390050B861 /* Build configuration list for PBXNativeTarget "GeoBudgetingUITests" */;
			buildPhases = (
				E1FEABE877167FF84245EF34 /* [CP] Check Pods Manifest.lock */,
				F6AD3062227C30390050B861 /* Sources */,
				F6AD3063227C30390050B861 /* Frameworks */,
				F6AD3064227C30390050B861 /* Resources */,
				ECA1BDA5D71A1B9BF5738A0C /* [CP] Embed Pods Frameworks */,
				30AAF010BDF460D18132D06C /* [CP] Copy Pods Resources */,
			);
			buildRules = (
			);
			dependencies = (
				F6AD3068227C30390050B861 /* PBXTargetDependency */,
			);
			name = GeoBudgetingUITests;
			productName = GeoBudgetingUITests;
			productReference = F6AD3066227C30390050B861 /* GeoBudgetingUITests.xctest */;
			productType = "com.apple.product-type.bundle.ui-testing";
		};
/* End PBXNativeTarget section */

/* Begin PBXProject section */
		F6AD303F227C30370050B861 /* Project object */ = {
			isa = PBXProject;
			attributes = {
				LastSwiftUpdateCheck = 1020;
				LastUpgradeCheck = 1020;
				ORGANIZATIONNAME = DVT;
				TargetAttributes = {
					F6AD3046227C30370050B861 = {
						CreatedOnToolsVersion = 10.2.1;
					};
					F6AD305A227C30390050B861 = {
						CreatedOnToolsVersion = 10.2.1;
						TestTargetID = F6AD3046227C30370050B861;
					};
					F6AD3065227C30390050B861 = {
						CreatedOnToolsVersion = 10.2.1;
						TestTargetID = F6AD3046227C30370050B861;
					};
				};
			};
			buildConfigurationList = F6AD3042227C30370050B861 /* Build configuration list for PBXProject "GeoBudgeting" */;
			compatibilityVersion = "Xcode 9.3";
			developmentRegion = en;
			hasScannedForEncodings = 0;
			knownRegions = (
				en,
				Base,
			);
			mainGroup = F6AD303E227C30370050B861;
			productRefGroup = F6AD3048227C30370050B861 /* Products */;
			projectDirPath = "";
			projectRoot = "";
			targets = (
				F6AD3046227C30370050B861 /* GeoBudgeting */,
				F6AD305A227C30390050B861 /* GeoBudgetingTests */,
				F6AD3065227C30390050B861 /* GeoBudgetingUITests */,
			);
		};
/* End PBXProject section */

/* Begin PBXResourcesBuildPhase section */
		F6AD3045227C30370050B861 /* Resources */ = {
			isa = PBXResourcesBuildPhase;
			buildActionMask = 2147483647;
			files = (
				C8A13CB72280299500FD6A00 /* api.plist in Resources */,
				C8A13CB922802AFE00FD6A00 /* AddItem.storyboard in Resources */,
				F6AD3055227C30390050B861 /* LaunchScreen.storyboard in Resources */,
				F6AD3052227C30390050B861 /* Assets.xcassets in Resources */,
				F6AD3050227C30370050B861 /* Main.storyboard in Resources */,
				C8A13CBE22803A0200FD6A00 /* GoogleService-Info.plist in Resources */,
			);
			runOnlyForDeploymentPostprocessing = 0;
		};
		F6AD3059227C30390050B861 /* Resources */ = {
			isa = PBXResourcesBuildPhase;
			buildActionMask = 2147483647;
			files = (
			);
			runOnlyForDeploymentPostprocessing = 0;
		};
		F6AD3064227C30390050B861 /* Resources */ = {
			isa = PBXResourcesBuildPhase;
			buildActionMask = 2147483647;
			files = (
			);
			runOnlyForDeploymentPostprocessing = 0;
		};
/* End PBXResourcesBuildPhase section */

/* Begin PBXShellScriptBuildPhase section */
		30AAF010BDF460D18132D06C /* [CP] Copy Pods Resources */ = {
			isa = PBXShellScriptBuildPhase;
			buildActionMask = 2147483647;
			files = (
			);
			inputFileListPaths = (
			);
			inputPaths = (
				"${PODS_ROOT}/Target Support Files/Pods-GeoBudgeting-GeoBudgetingUITests/Pods-GeoBudgeting-GeoBudgetingUITests-resources.sh",
				"${PODS_ROOT}/GoogleMaps/Maps/Frameworks/GoogleMaps.framework/Resources/GoogleMaps.bundle",
				"${PODS_ROOT}/GooglePlaces/Frameworks/GooglePlaces.framework/Resources/GooglePlaces.bundle",
			);
			name = "[CP] Copy Pods Resources";
			outputFileListPaths = (
			);
			outputPaths = (
				"${TARGET_BUILD_DIR}/${UNLOCALIZED_RESOURCES_FOLDER_PATH}/GoogleMaps.bundle",
				"${TARGET_BUILD_DIR}/${UNLOCALIZED_RESOURCES_FOLDER_PATH}/GooglePlaces.bundle",
			);
			runOnlyForDeploymentPostprocessing = 0;
			shellPath = /bin/sh;
			shellScript = "\"${PODS_ROOT}/Target Support Files/Pods-GeoBudgeting-GeoBudgetingUITests/Pods-GeoBudgeting-GeoBudgetingUITests-resources.sh\"\n";
			showEnvVarsInLog = 0;
		};
		4C3665D75628986B20A81F49 /* [CP] Check Pods Manifest.lock */ = {
			isa = PBXShellScriptBuildPhase;
			buildActionMask = 2147483647;
			files = (
			);
			inputFileListPaths = (
			);
			inputPaths = (
				"${PODS_PODFILE_DIR_PATH}/Podfile.lock",
				"${PODS_ROOT}/Manifest.lock",
			);
			name = "[CP] Check Pods Manifest.lock";
			outputFileListPaths = (
			);
			outputPaths = (
				"$(DERIVED_FILE_DIR)/Pods-GeoBudgeting-checkManifestLockResult.txt",
			);
			runOnlyForDeploymentPostprocessing = 0;
			shellPath = /bin/sh;
			shellScript = "diff \"${PODS_PODFILE_DIR_PATH}/Podfile.lock\" \"${PODS_ROOT}/Manifest.lock\" > /dev/null\nif [ $? != 0 ] ; then\n    # print error to STDERR\n    echo \"error: The sandbox is not in sync with the Podfile.lock. Run 'pod install' or update your CocoaPods installation.\" >&2\n    exit 1\nfi\n# This output is used by Xcode 'outputs' to avoid re-running this script phase.\necho \"SUCCESS\" > \"${SCRIPT_OUTPUT_FILE_0}\"\n";
			showEnvVarsInLog = 0;
		};
		570AB92B1C740FF96002A7CD /* [CP] Embed Pods Frameworks */ = {
			isa = PBXShellScriptBuildPhase;
			buildActionMask = 2147483647;
			files = (
			);
			inputFileListPaths = (
			);
			inputPaths = (
				"${PODS_ROOT}/Target Support Files/Pods-GeoBudgetingTests/Pods-GeoBudgetingTests-frameworks.sh",
				"${BUILT_PRODUCTS_DIR}/GoogleUtilities/GoogleUtilities.framework",
				"${BUILT_PRODUCTS_DIR}/nanopb/nanopb.framework",
			);
			name = "[CP] Embed Pods Frameworks";
			outputFileListPaths = (
			);
			outputPaths = (
				"${TARGET_BUILD_DIR}/${FRAMEWORKS_FOLDER_PATH}/GoogleUtilities.framework",
				"${TARGET_BUILD_DIR}/${FRAMEWORKS_FOLDER_PATH}/nanopb.framework",
			);
			runOnlyForDeploymentPostprocessing = 0;
			shellPath = /bin/sh;
			shellScript = "\"${PODS_ROOT}/Target Support Files/Pods-GeoBudgetingTests/Pods-GeoBudgetingTests-frameworks.sh\"\n";
			showEnvVarsInLog = 0;
		};
		5A35E18B8C32326738C605B6 /* [CP] Copy Pods Resources */ = {
			isa = PBXShellScriptBuildPhase;
			buildActionMask = 2147483647;
			files = (
			);
			inputFileListPaths = (
			);
			inputPaths = (
				"${PODS_ROOT}/Target Support Files/Pods-GeoBudgeting/Pods-GeoBudgeting-resources.sh",
				"${PODS_ROOT}/GoogleMaps/Maps/Frameworks/GoogleMaps.framework/Resources/GoogleMaps.bundle",
				"${PODS_ROOT}/GooglePlaces/Frameworks/GooglePlaces.framework/Resources/GooglePlaces.bundle",
			);
			name = "[CP] Copy Pods Resources";
			outputFileListPaths = (
			);
			outputPaths = (
				"${TARGET_BUILD_DIR}/${UNLOCALIZED_RESOURCES_FOLDER_PATH}/GoogleMaps.bundle",
				"${TARGET_BUILD_DIR}/${UNLOCALIZED_RESOURCES_FOLDER_PATH}/GooglePlaces.bundle",
			);
			runOnlyForDeploymentPostprocessing = 0;
			shellPath = /bin/sh;
			shellScript = "\"${PODS_ROOT}/Target Support Files/Pods-GeoBudgeting/Pods-GeoBudgeting-resources.sh\"\n";
			showEnvVarsInLog = 0;
		};
		855BA8B0FB563F75B6E45C89 /* [CP] Embed Pods Frameworks */ = {
			isa = PBXShellScriptBuildPhase;
			buildActionMask = 2147483647;
			files = (
			);
			inputFileListPaths = (
			);
			inputPaths = (
				"${PODS_ROOT}/Target Support Files/Pods-GeoBudgeting/Pods-GeoBudgeting-frameworks.sh",
				"${BUILT_PRODUCTS_DIR}/GoogleUtilities/GoogleUtilities.framework",
				"${BUILT_PRODUCTS_DIR}/leveldb-library/leveldb.framework",
				"${BUILT_PRODUCTS_DIR}/nanopb/nanopb.framework",
			);
			name = "[CP] Embed Pods Frameworks";
			outputFileListPaths = (
			);
			outputPaths = (
				"${TARGET_BUILD_DIR}/${FRAMEWORKS_FOLDER_PATH}/GoogleUtilities.framework",
				"${TARGET_BUILD_DIR}/${FRAMEWORKS_FOLDER_PATH}/leveldb.framework",
				"${TARGET_BUILD_DIR}/${FRAMEWORKS_FOLDER_PATH}/nanopb.framework",
			);
			runOnlyForDeploymentPostprocessing = 0;
			shellPath = /bin/sh;
			shellScript = "\"${PODS_ROOT}/Target Support Files/Pods-GeoBudgeting/Pods-GeoBudgeting-frameworks.sh\"\n";
			showEnvVarsInLog = 0;
		};
		E1FEABE877167FF84245EF34 /* [CP] Check Pods Manifest.lock */ = {
			isa = PBXShellScriptBuildPhase;
			buildActionMask = 2147483647;
			files = (
			);
			inputFileListPaths = (
			);
			inputPaths = (
				"${PODS_PODFILE_DIR_PATH}/Podfile.lock",
				"${PODS_ROOT}/Manifest.lock",
			);
			name = "[CP] Check Pods Manifest.lock";
			outputFileListPaths = (
			);
			outputPaths = (
				"$(DERIVED_FILE_DIR)/Pods-GeoBudgeting-GeoBudgetingUITests-checkManifestLockResult.txt",
			);
			runOnlyForDeploymentPostprocessing = 0;
			shellPath = /bin/sh;
			shellScript = "diff \"${PODS_PODFILE_DIR_PATH}/Podfile.lock\" \"${PODS_ROOT}/Manifest.lock\" > /dev/null\nif [ $? != 0 ] ; then\n    # print error to STDERR\n    echo \"error: The sandbox is not in sync with the Podfile.lock. Run 'pod install' or update your CocoaPods installation.\" >&2\n    exit 1\nfi\n# This output is used by Xcode 'outputs' to avoid re-running this script phase.\necho \"SUCCESS\" > \"${SCRIPT_OUTPUT_FILE_0}\"\n";
			showEnvVarsInLog = 0;
		};
		ECA1BDA5D71A1B9BF5738A0C /* [CP] Embed Pods Frameworks */ = {
			isa = PBXShellScriptBuildPhase;
			buildActionMask = 2147483647;
			files = (
			);
			inputFileListPaths = (
			);
			inputPaths = (
				"${PODS_ROOT}/Target Support Files/Pods-GeoBudgeting-GeoBudgetingUITests/Pods-GeoBudgeting-GeoBudgetingUITests-frameworks.sh",
				"${BUILT_PRODUCTS_DIR}/GoogleUtilities/GoogleUtilities.framework",
				"${BUILT_PRODUCTS_DIR}/leveldb-library/leveldb.framework",
				"${BUILT_PRODUCTS_DIR}/nanopb/nanopb.framework",
			);
			name = "[CP] Embed Pods Frameworks";
			outputFileListPaths = (
			);
			outputPaths = (
				"${TARGET_BUILD_DIR}/${FRAMEWORKS_FOLDER_PATH}/GoogleUtilities.framework",
				"${TARGET_BUILD_DIR}/${FRAMEWORKS_FOLDER_PATH}/leveldb.framework",
				"${TARGET_BUILD_DIR}/${FRAMEWORKS_FOLDER_PATH}/nanopb.framework",
			);
			runOnlyForDeploymentPostprocessing = 0;
			shellPath = /bin/sh;
			shellScript = "\"${PODS_ROOT}/Target Support Files/Pods-GeoBudgeting-GeoBudgetingUITests/Pods-GeoBudgeting-GeoBudgetingUITests-frameworks.sh\"\n";
			showEnvVarsInLog = 0;
		};
		ED8B4BE70FBF303E9EEE5C8A /* [CP] Check Pods Manifest.lock */ = {
			isa = PBXShellScriptBuildPhase;
			buildActionMask = 2147483647;
			files = (
			);
			inputFileListPaths = (
			);
			inputPaths = (
				"${PODS_PODFILE_DIR_PATH}/Podfile.lock",
				"${PODS_ROOT}/Manifest.lock",
			);
			name = "[CP] Check Pods Manifest.lock";
			outputFileListPaths = (
			);
			outputPaths = (
				"$(DERIVED_FILE_DIR)/Pods-GeoBudgetingTests-checkManifestLockResult.txt",
			);
			runOnlyForDeploymentPostprocessing = 0;
			shellPath = /bin/sh;
			shellScript = "diff \"${PODS_PODFILE_DIR_PATH}/Podfile.lock\" \"${PODS_ROOT}/Manifest.lock\" > /dev/null\nif [ $? != 0 ] ; then\n    # print error to STDERR\n    echo \"error: The sandbox is not in sync with the Podfile.lock. Run 'pod install' or update your CocoaPods installation.\" >&2\n    exit 1\nfi\n# This output is used by Xcode 'outputs' to avoid re-running this script phase.\necho \"SUCCESS\" > \"${SCRIPT_OUTPUT_FILE_0}\"\n";
			showEnvVarsInLog = 0;
		};
/* End PBXShellScriptBuildPhase section */

/* Begin PBXSourcesBuildPhase section */
		F6AD3043227C30370050B861 /* Sources */ = {
			isa = PBXSourcesBuildPhase;
			buildActionMask = 2147483647;
			files = (
				C8A13CBC2280375400FD6A00 /* AddItemViewController.swift in Sources */,
				F6AD3082227C3AA40050B861 /* SearchView.swift in Sources */,
				F6AD304D227C30370050B861 /* MapViewController.swift in Sources */,
				C8A13CC22280623800FD6A00 /* FirebaseServices.swift in Sources */,
				F6AD304B227C30370050B861 /* AppDelegate.swift in Sources */,
				C8A13CC022805D2800FD6A00 /* Functions.swift in Sources */,
			);
			runOnlyForDeploymentPostprocessing = 0;
		};
		F6AD3057227C30390050B861 /* Sources */ = {
			isa = PBXSourcesBuildPhase;
			buildActionMask = 2147483647;
			files = (
				F6AD3060227C30390050B861 /* GeoBudgetingTests.swift in Sources */,
			);
			runOnlyForDeploymentPostprocessing = 0;
		};
		F6AD3062227C30390050B861 /* Sources */ = {
			isa = PBXSourcesBuildPhase;
			buildActionMask = 2147483647;
			files = (
				F6AD306B227C30390050B861 /* GeoBudgetingUITests.swift in Sources */,
			);
			runOnlyForDeploymentPostprocessing = 0;
		};
/* End PBXSourcesBuildPhase section */

/* Begin PBXTargetDependency section */
		F6AD305D227C30390050B861 /* PBXTargetDependency */ = {
			isa = PBXTargetDependency;
			target = F6AD3046227C30370050B861 /* GeoBudgeting */;
			targetProxy = F6AD305C227C30390050B861 /* PBXContainerItemProxy */;
		};
		F6AD3068227C30390050B861 /* PBXTargetDependency */ = {
			isa = PBXTargetDependency;
			target = F6AD3046227C30370050B861 /* GeoBudgeting */;
			targetProxy = F6AD3067227C30390050B861 /* PBXContainerItemProxy */;
		};
/* End PBXTargetDependency section */

/* Begin PBXVariantGroup section */
		F6AD304E227C30370050B861 /* Main.storyboard */ = {
			isa = PBXVariantGroup;
			children = (
				F6AD304F227C30370050B861 /* Base */,
			);
			name = Main.storyboard;
			sourceTree = "<group>";
		};
		F6AD3053227C30390050B861 /* LaunchScreen.storyboard */ = {
			isa = PBXVariantGroup;
			children = (
				F6AD3054227C30390050B861 /* Base */,
			);
			name = LaunchScreen.storyboard;
			sourceTree = "<group>";
		};
/* End PBXVariantGroup section */

/* Begin XCBuildConfiguration section */
		F6AD306D227C30390050B861 /* Debug */ = {
			isa = XCBuildConfiguration;
			buildSettings = {
				ALWAYS_SEARCH_USER_PATHS = NO;
				CLANG_ANALYZER_NONNULL = YES;
				CLANG_ANALYZER_NUMBER_OBJECT_CONVERSION = YES_AGGRESSIVE;
				CLANG_CXX_LANGUAGE_STANDARD = "gnu++14";
				CLANG_CXX_LIBRARY = "libc++";
				CLANG_ENABLE_MODULES = YES;
				CLANG_ENABLE_OBJC_ARC = YES;
				CLANG_ENABLE_OBJC_WEAK = YES;
				CLANG_WARN_BLOCK_CAPTURE_AUTORELEASING = YES;
				CLANG_WARN_BOOL_CONVERSION = YES;
				CLANG_WARN_COMMA = YES;
				CLANG_WARN_CONSTANT_CONVERSION = YES;
				CLANG_WARN_DEPRECATED_OBJC_IMPLEMENTATIONS = YES;
				CLANG_WARN_DIRECT_OBJC_ISA_USAGE = YES_ERROR;
				CLANG_WARN_DOCUMENTATION_COMMENTS = YES;
				CLANG_WARN_EMPTY_BODY = YES;
				CLANG_WARN_ENUM_CONVERSION = YES;
				CLANG_WARN_INFINITE_RECURSION = YES;
				CLANG_WARN_INT_CONVERSION = YES;
				CLANG_WARN_NON_LITERAL_NULL_CONVERSION = YES;
				CLANG_WARN_OBJC_IMPLICIT_RETAIN_SELF = YES;
				CLANG_WARN_OBJC_LITERAL_CONVERSION = YES;
				CLANG_WARN_OBJC_ROOT_CLASS = YES_ERROR;
				CLANG_WARN_RANGE_LOOP_ANALYSIS = YES;
				CLANG_WARN_STRICT_PROTOTYPES = YES;
				CLANG_WARN_SUSPICIOUS_MOVE = YES;
				CLANG_WARN_UNGUARDED_AVAILABILITY = YES_AGGRESSIVE;
				CLANG_WARN_UNREACHABLE_CODE = YES;
				CLANG_WARN__DUPLICATE_METHOD_MATCH = YES;
				CODE_SIGN_IDENTITY = "iPhone Developer";
				COPY_PHASE_STRIP = NO;
				DEBUG_INFORMATION_FORMAT = dwarf;
				ENABLE_STRICT_OBJC_MSGSEND = YES;
				ENABLE_TESTABILITY = YES;
				GCC_C_LANGUAGE_STANDARD = gnu11;
				GCC_DYNAMIC_NO_PIC = NO;
				GCC_NO_COMMON_BLOCKS = YES;
				GCC_OPTIMIZATION_LEVEL = 0;
				GCC_PREPROCESSOR_DEFINITIONS = (
					"DEBUG=1",
					"$(inherited)",
				);
				GCC_WARN_64_TO_32_BIT_CONVERSION = YES;
				GCC_WARN_ABOUT_RETURN_TYPE = YES_ERROR;
				GCC_WARN_UNDECLARED_SELECTOR = YES;
				GCC_WARN_UNINITIALIZED_AUTOS = YES_AGGRESSIVE;
				GCC_WARN_UNUSED_FUNCTION = YES;
				GCC_WARN_UNUSED_VARIABLE = YES;
				IPHONEOS_DEPLOYMENT_TARGET = 12.2;
				MTL_ENABLE_DEBUG_INFO = INCLUDE_SOURCE;
				MTL_FAST_MATH = YES;
				ONLY_ACTIVE_ARCH = YES;
				SDKROOT = iphoneos;
				SWIFT_ACTIVE_COMPILATION_CONDITIONS = DEBUG;
				SWIFT_OPTIMIZATION_LEVEL = "-Onone";
			};
			name = Debug;
		};
		F6AD306E227C30390050B861 /* Release */ = {
			isa = XCBuildConfiguration;
			buildSettings = {
				ALWAYS_SEARCH_USER_PATHS = NO;
				CLANG_ANALYZER_NONNULL = YES;
				CLANG_ANALYZER_NUMBER_OBJECT_CONVERSION = YES_AGGRESSIVE;
				CLANG_CXX_LANGUAGE_STANDARD = "gnu++14";
				CLANG_CXX_LIBRARY = "libc++";
				CLANG_ENABLE_MODULES = YES;
				CLANG_ENABLE_OBJC_ARC = YES;
				CLANG_ENABLE_OBJC_WEAK = YES;
				CLANG_WARN_BLOCK_CAPTURE_AUTORELEASING = YES;
				CLANG_WARN_BOOL_CONVERSION = YES;
				CLANG_WARN_COMMA = YES;
				CLANG_WARN_CONSTANT_CONVERSION = YES;
				CLANG_WARN_DEPRECATED_OBJC_IMPLEMENTATIONS = YES;
				CLANG_WARN_DIRECT_OBJC_ISA_USAGE = YES_ERROR;
				CLANG_WARN_DOCUMENTATION_COMMENTS = YES;
				CLANG_WARN_EMPTY_BODY = YES;
				CLANG_WARN_ENUM_CONVERSION = YES;
				CLANG_WARN_INFINITE_RECURSION = YES;
				CLANG_WARN_INT_CONVERSION = YES;
				CLANG_WARN_NON_LITERAL_NULL_CONVERSION = YES;
				CLANG_WARN_OBJC_IMPLICIT_RETAIN_SELF = YES;
				CLANG_WARN_OBJC_LITERAL_CONVERSION = YES;
				CLANG_WARN_OBJC_ROOT_CLASS = YES_ERROR;
				CLANG_WARN_RANGE_LOOP_ANALYSIS = YES;
				CLANG_WARN_STRICT_PROTOTYPES = YES;
				CLANG_WARN_SUSPICIOUS_MOVE = YES;
				CLANG_WARN_UNGUARDED_AVAILABILITY = YES_AGGRESSIVE;
				CLANG_WARN_UNREACHABLE_CODE = YES;
				CLANG_WARN__DUPLICATE_METHOD_MATCH = YES;
				CODE_SIGN_IDENTITY = "iPhone Developer";
				COPY_PHASE_STRIP = NO;
				DEBUG_INFORMATION_FORMAT = "dwarf-with-dsym";
				ENABLE_NS_ASSERTIONS = NO;
				ENABLE_STRICT_OBJC_MSGSEND = YES;
				GCC_C_LANGUAGE_STANDARD = gnu11;
				GCC_NO_COMMON_BLOCKS = YES;
				GCC_WARN_64_TO_32_BIT_CONVERSION = YES;
				GCC_WARN_ABOUT_RETURN_TYPE = YES_ERROR;
				GCC_WARN_UNDECLARED_SELECTOR = YES;
				GCC_WARN_UNINITIALIZED_AUTOS = YES_AGGRESSIVE;
				GCC_WARN_UNUSED_FUNCTION = YES;
				GCC_WARN_UNUSED_VARIABLE = YES;
				IPHONEOS_DEPLOYMENT_TARGET = 12.2;
				MTL_ENABLE_DEBUG_INFO = NO;
				MTL_FAST_MATH = YES;
				SDKROOT = iphoneos;
				SWIFT_COMPILATION_MODE = wholemodule;
				SWIFT_OPTIMIZATION_LEVEL = "-O";
				VALIDATE_PRODUCT = YES;
			};
			name = Release;
		};
		F6AD3070227C30390050B861 /* Debug */ = {
			isa = XCBuildConfiguration;
			baseConfigurationReference = 8E737A5DBF40CA80694B6726 /* Pods-GeoBudgeting.debug.xcconfig */;
			buildSettings = {
				ASSETCATALOG_COMPILER_APPICON_NAME = AppIcon;
				CODE_SIGN_STYLE = Automatic;
				DEVELOPMENT_TEAM = ND4RV4252N;
				INFOPLIST_FILE = "$(SRCROOT)/GeoBudgeting/General/Resources/Info.plist";
				LD_RUNPATH_SEARCH_PATHS = (
					"$(inherited)",
					"@executable_path/Frameworks",
				);
				PRODUCT_BUNDLE_IDENTIFIER = za.co.dvt.GeoBudgeting;
				PRODUCT_NAME = "$(TARGET_NAME)";
				SWIFT_VERSION = 5.0;
				TARGETED_DEVICE_FAMILY = "1,2";
			};
			name = Debug;
		};
		F6AD3071227C30390050B861 /* Release */ = {
			isa = XCBuildConfiguration;
			baseConfigurationReference = A8DEF46838554EF7A59AADD5 /* Pods-GeoBudgeting.release.xcconfig */;
			buildSettings = {
				ASSETCATALOG_COMPILER_APPICON_NAME = AppIcon;
				CODE_SIGN_STYLE = Automatic;
				DEVELOPMENT_TEAM = ND4RV4252N;
				INFOPLIST_FILE = "$(SRCROOT)/GeoBudgeting/General/Resources/Info.plist";
				LD_RUNPATH_SEARCH_PATHS = (
					"$(inherited)",
					"@executable_path/Frameworks",
				);
				PRODUCT_BUNDLE_IDENTIFIER = za.co.dvt.GeoBudgeting;
				PRODUCT_NAME = "$(TARGET_NAME)";
				SWIFT_VERSION = 5.0;
				TARGETED_DEVICE_FAMILY = "1,2";
			};
			name = Release;
		};
		F6AD3073227C30390050B861 /* Debug */ = {
			isa = XCBuildConfiguration;
			baseConfigurationReference = 47AC8818BEA5B04777F88C27 /* Pods-GeoBudgetingTests.debug.xcconfig */;
			buildSettings = {
				ALWAYS_EMBED_SWIFT_STANDARD_LIBRARIES = YES;
				BUNDLE_LOADER = "$(TEST_HOST)";
				CODE_SIGN_STYLE = Automatic;
				DEVELOPMENT_TEAM = ND4RV4252N;
				INFOPLIST_FILE = GeoBudgetingTests/Info.plist;
				LD_RUNPATH_SEARCH_PATHS = (
					"$(inherited)",
					"@executable_path/Frameworks",
					"@loader_path/Frameworks",
				);
				PRODUCT_BUNDLE_IDENTIFIER = za.co.dvt.GeoBudgetingTests;
				PRODUCT_NAME = "$(TARGET_NAME)";
				SWIFT_VERSION = 5.0;
				TARGETED_DEVICE_FAMILY = "1,2";
				TEST_HOST = "$(BUILT_PRODUCTS_DIR)/GeoBudgeting.app/GeoBudgeting";
			};
			name = Debug;
		};
		F6AD3074227C30390050B861 /* Release */ = {
			isa = XCBuildConfiguration;
			baseConfigurationReference = D5262CD030D97C9A56D8D2D4 /* Pods-GeoBudgetingTests.release.xcconfig */;
			buildSettings = {
				ALWAYS_EMBED_SWIFT_STANDARD_LIBRARIES = YES;
				BUNDLE_LOADER = "$(TEST_HOST)";
				CODE_SIGN_STYLE = Automatic;
				DEVELOPMENT_TEAM = ND4RV4252N;
				INFOPLIST_FILE = GeoBudgetingTests/Info.plist;
				LD_RUNPATH_SEARCH_PATHS = (
					"$(inherited)",
					"@executable_path/Frameworks",
					"@loader_path/Frameworks",
				);
				PRODUCT_BUNDLE_IDENTIFIER = za.co.dvt.GeoBudgetingTests;
				PRODUCT_NAME = "$(TARGET_NAME)";
				SWIFT_VERSION = 5.0;
				TARGETED_DEVICE_FAMILY = "1,2";
				TEST_HOST = "$(BUILT_PRODUCTS_DIR)/GeoBudgeting.app/GeoBudgeting";
			};
			name = Release;
		};
		F6AD3076227C30390050B861 /* Debug */ = {
			isa = XCBuildConfiguration;
			baseConfigurationReference = 4A31E0EF833F563D39623F18 /* Pods-GeoBudgeting-GeoBudgetingUITests.debug.xcconfig */;
			buildSettings = {
				ALWAYS_EMBED_SWIFT_STANDARD_LIBRARIES = YES;
				CODE_SIGN_STYLE = Automatic;
				DEVELOPMENT_TEAM = ND4RV4252N;
				INFOPLIST_FILE = GeoBudgetingUITests/Info.plist;
				LD_RUNPATH_SEARCH_PATHS = (
					"$(inherited)",
					"@executable_path/Frameworks",
					"@loader_path/Frameworks",
				);
				PRODUCT_BUNDLE_IDENTIFIER = za.co.dvt.GeoBudgetingUITests;
				PRODUCT_NAME = "$(TARGET_NAME)";
				SWIFT_VERSION = 5.0;
				TARGETED_DEVICE_FAMILY = "1,2";
				TEST_TARGET_NAME = GeoBudgeting;
			};
			name = Debug;
		};
		F6AD3077227C30390050B861 /* Release */ = {
			isa = XCBuildConfiguration;
			baseConfigurationReference = 45C23C6A3ACCF52F13522245 /* Pods-GeoBudgeting-GeoBudgetingUITests.release.xcconfig */;
			buildSettings = {
				ALWAYS_EMBED_SWIFT_STANDARD_LIBRARIES = YES;
				CODE_SIGN_STYLE = Automatic;
				DEVELOPMENT_TEAM = ND4RV4252N;
				INFOPLIST_FILE = GeoBudgetingUITests/Info.plist;
				LD_RUNPATH_SEARCH_PATHS = (
					"$(inherited)",
					"@executable_path/Frameworks",
					"@loader_path/Frameworks",
				);
				PRODUCT_BUNDLE_IDENTIFIER = za.co.dvt.GeoBudgetingUITests;
				PRODUCT_NAME = "$(TARGET_NAME)";
				SWIFT_VERSION = 5.0;
				TARGETED_DEVICE_FAMILY = "1,2";
				TEST_TARGET_NAME = GeoBudgeting;
			};
			name = Release;
		};
/* End XCBuildConfiguration section */

/* Begin XCConfigurationList section */
		F6AD3042227C30370050B861 /* Build configuration list for PBXProject "GeoBudgeting" */ = {
			isa = XCConfigurationList;
			buildConfigurations = (
				F6AD306D227C30390050B861 /* Debug */,
				F6AD306E227C30390050B861 /* Release */,
			);
			defaultConfigurationIsVisible = 0;
			defaultConfigurationName = Release;
		};
		F6AD306F227C30390050B861 /* Build configuration list for PBXNativeTarget "GeoBudgeting" */ = {
			isa = XCConfigurationList;
			buildConfigurations = (
				F6AD3070227C30390050B861 /* Debug */,
				F6AD3071227C30390050B861 /* Release */,
			);
			defaultConfigurationIsVisible = 0;
			defaultConfigurationName = Release;
		};
		F6AD3072227C30390050B861 /* Build configuration list for PBXNativeTarget "GeoBudgetingTests" */ = {
			isa = XCConfigurationList;
			buildConfigurations = (
				F6AD3073227C30390050B861 /* Debug */,
				F6AD3074227C30390050B861 /* Release */,
			);
			defaultConfigurationIsVisible = 0;
			defaultConfigurationName = Release;
		};
		F6AD3075227C30390050B861 /* Build configuration list for PBXNativeTarget "GeoBudgetingUITests" */ = {
			isa = XCConfigurationList;
			buildConfigurations = (
				F6AD3076227C30390050B861 /* Debug */,
				F6AD3077227C30390050B861 /* Release */,
			);
			defaultConfigurationIsVisible = 0;
			defaultConfigurationName = Release;
		};
/* End XCConfigurationList section */
	};
	rootObject = F6AD303F227C30370050B861 /* Project object */;
}
